// !$*UTF8*$!
{
	archiveVersion = 1;
	classes = {
	};
	objectVersion = 56;
	objects = {

/* Begin PBXBuildFile section */
		0A013CE02BCA19E300F2754B /* UserDefaultHelper.swift in Sources */ = {isa = PBXBuildFile; fileRef = 0A013CDF2BCA19E300F2754B /* UserDefaultHelper.swift */; };
		0A0833CE2BBCF32300E5EF18 /* Date+.swift in Sources */ = {isa = PBXBuildFile; fileRef = 0A0833CD2BBCF32300E5EF18 /* Date+.swift */; };
		0A0833D02BBCF49500E5EF18 /* String+.swift in Sources */ = {isa = PBXBuildFile; fileRef = 0A0833CF2BBCF49500E5EF18 /* String+.swift */; };
		0A0833D22BBD6BD100E5EF18 /* ScheduleAppointmentRequest.swift in Sources */ = {isa = PBXBuildFile; fileRef = 0A0833D12BBD6BD100E5EF18 /* ScheduleAppointmentRequest.swift */; };
		0A0833D42BBD71A600E5EF18 /* ScheduleAppointmentResponse.swift in Sources */ = {isa = PBXBuildFile; fileRef = 0A0833D32BBD71A600E5EF18 /* ScheduleAppointmentResponse.swift */; };
		0A1866652BC8ADCB001B0BD9 /* PatientModel.swift in Sources */ = {isa = PBXBuildFile; fileRef = 0A1866642BC8ADCB001B0BD9 /* PatientModel.swift */; };
		0A2002932BD88E3000AD519C /* ScheduleAppointmentNetworkinService.swift in Sources */ = {isa = PBXBuildFile; fileRef = 0A2002922BD88E3000AD519C /* ScheduleAppointmentNetworkinService.swift */; };
		0A2002952BD88EF900AD519C /* ScheduleAppointmentEndpoint.swift in Sources */ = {isa = PBXBuildFile; fileRef = 0A2002942BD88EF900AD519C /* ScheduleAppointmentEndpoint.swift */; };
		0A2002972BD896B300AD519C /* Dictionary+.swift in Sources */ = {isa = PBXBuildFile; fileRef = 0A2002962BD896B300AD519C /* Dictionary+.swift */; };
		0A2002992BD89DB400AD519C /* ScheduleAppointmentViewModel.swift in Sources */ = {isa = PBXBuildFile; fileRef = 0A2002982BD89DB400AD519C /* ScheduleAppointmentViewModel.swift */; };
		0A20FC712BD7413700AD519C /* HomeEndpoint.swift in Sources */ = {isa = PBXBuildFile; fileRef = 0A20FC702BD7413700AD519C /* HomeEndpoint.swift */; };
		0A20FF802BD7453600AD519C /* HomeNetworkingService.swift in Sources */ = {isa = PBXBuildFile; fileRef = 0A20FF7F2BD7453600AD519C /* HomeNetworkingService.swift */; };
		0A20FF822BD7CED500AD519C /* AuthenticationEndpoint.swift in Sources */ = {isa = PBXBuildFile; fileRef = 0A20FF812BD7CED500AD519C /* AuthenticationEndpoint.swift */; };
		0A20FF842BD7D19300AD519C /* AuthenticationService.swift in Sources */ = {isa = PBXBuildFile; fileRef = 0A20FF832BD7D19300AD519C /* AuthenticationService.swift */; };
		0A2AD46D2BC4D1DE00F90B9B /* CancelAppointmentView.swift in Sources */ = {isa = PBXBuildFile; fileRef = 0A2AD46C2BC4D1DE00F90B9B /* CancelAppointmentView.swift */; };
		0A30A8C12BD9F60500F710EB /* Data+.swift in Sources */ = {isa = PBXBuildFile; fileRef = 0A30A8C02BD9F60500F710EB /* Data+.swift */; };
		0A30A8C42BD9F92F00F710EB /* LoginResponse.swift in Sources */ = {isa = PBXBuildFile; fileRef = 0A30A8C32BD9F92F00F710EB /* LoginResponse.swift */; };
		0A31C4C02BDC99E400E1D061 /* SnackBarErrorView.swift in Sources */ = {isa = PBXBuildFile; fileRef = 0A31C4BF2BDC99E400E1D061 /* SnackBarErrorView.swift */; };
		0A31C4C22BDD5A3200E1D061 /* ErrorResponse.swift in Sources */ = {isa = PBXBuildFile; fileRef = 0A31C4C12BDD5A3200E1D061 /* ErrorResponse.swift */; };
		0A31C4C42BDD690A00E1D061 /* UIAplication+.swift in Sources */ = {isa = PBXBuildFile; fileRef = 0A31C4C32BDD690A00E1D061 /* UIAplication+.swift */; };
		0A31C4C72BDD7FAC00E1D061 /* SkeletonView.swift in Sources */ = {isa = PBXBuildFile; fileRef = 0A31C4C62BDD7FAC00E1D061 /* SkeletonView.swift */; };
		0A5143192BC6A2D100760413 /* SignInView.swift in Sources */ = {isa = PBXBuildFile; fileRef = 0A5143182BC6A2D100760413 /* SignInView.swift */; };
		0A51431B2BC6A68600760413 /* SignUpView.swift in Sources */ = {isa = PBXBuildFile; fileRef = 0A51431A2BC6A68600760413 /* SignUpView.swift */; };
		0A812E932BBB9AF90031BF39 /* ScheduleAppointmentView.swift in Sources */ = {isa = PBXBuildFile; fileRef = 0A812E922BBB9AF90031BF39 /* ScheduleAppointmentView.swift */; };
		0AAC22A22BCF6C79009B8F66 /* KeychainHelper.swift in Sources */ = {isa = PBXBuildFile; fileRef = 0AAC22A12BCF6C79009B8F66 /* KeychainHelper.swift */; };
		0AAC22A52BCFE0B2009B8F66 /* AuthenticatorManager.swift in Sources */ = {isa = PBXBuildFile; fileRef = 0AAC22A42BCFE0B2009B8F66 /* AuthenticatorManager.swift */; };
		0AAC25B52BD09F8B009B8F66 /* HomeViewModel.swift in Sources */ = {isa = PBXBuildFile; fileRef = 0AAC25B42BD09F8B009B8F66 /* HomeViewModel.swift */; };
		0AB0449F2BC0CCAB0004956A /* MyAppointmentsView.swift in Sources */ = {isa = PBXBuildFile; fileRef = 0AB0449E2BC0CCAB0004956A /* MyAppointmentsView.swift */; };
		0AB044A12BC0D52E0004956A /* AppointmentResult.swift in Sources */ = {isa = PBXBuildFile; fileRef = 0AB044A02BC0D52E0004956A /* AppointmentResult.swift */; };
		0AE518572BC774BB0085023C /* FieldView.swift in Sources */ = {isa = PBXBuildFile; fileRef = 0AE518562BC774BB0085023C /* FieldView.swift */; };
		0AE518592BC77D6B0085023C /* TextDefaultView.swift in Sources */ = {isa = PBXBuildFile; fileRef = 0AE518582BC77D6B0085023C /* TextDefaultView.swift */; };
		0AEBB6B02BC94EC400149E8D /* LoginRequest.swift in Sources */ = {isa = PBXBuildFile; fileRef = 0AEBB6AF2BC94EC400149E8D /* LoginRequest.swift */; };
		0AF3A77D2BD288FB0069FFB9 /* Endpoint.swift in Sources */ = {isa = PBXBuildFile; fileRef = 0AF3A77C2BD288FB0069FFB9 /* Endpoint.swift */; };
		0AF3A77F2BD28C260069FFB9 /* RequestMethod.swift in Sources */ = {isa = PBXBuildFile; fileRef = 0AF3A77E2BD28C260069FFB9 /* RequestMethod.swift */; };
		0AF3A7812BD28CC50069FFB9 /* APIError.swift in Sources */ = {isa = PBXBuildFile; fileRef = 0AF3A7802BD28CC50069FFB9 /* APIError.swift */; };
		0AF3A7832BD28DC90069FFB9 /* HTTPClient.swift in Sources */ = {isa = PBXBuildFile; fileRef = 0AF3A7822BD28DC90069FFB9 /* HTTPClient.swift */; };
		484BEEFD2AB0F5750033C07A /* Specialist.swift in Sources */ = {isa = PBXBuildFile; fileRef = 484BEEFC2AB0F5750033C07A /* Specialist.swift */; };
		484BEEFF2AB0F59D0033C07A /* WebService.swift in Sources */ = {isa = PBXBuildFile; fileRef = 484BEEFE2AB0F59D0033C07A /* WebService.swift */; };
		484BEF012AB0F6090033C07A /* ButtonView.swift in Sources */ = {isa = PBXBuildFile; fileRef = 484BEF002AB0F6090033C07A /* ButtonView.swift */; };
		484BEF032AB0F7080033C07A /* SpecialistCardView.swift in Sources */ = {isa = PBXBuildFile; fileRef = 484BEF022AB0F7080033C07A /* SpecialistCardView.swift */; };
		484BEF052AB0F7970033C07A /* HomeView.swift in Sources */ = {isa = PBXBuildFile; fileRef = 484BEF042AB0F7970033C07A /* HomeView.swift */; };
		48539DED2AB0F47C005BD7C9 /* VollmedApp.swift in Sources */ = {isa = PBXBuildFile; fileRef = 48539DEC2AB0F47C005BD7C9 /* VollmedApp.swift */; };
		48539DEF2AB0F47C005BD7C9 /* ContentView.swift in Sources */ = {isa = PBXBuildFile; fileRef = 48539DEE2AB0F47C005BD7C9 /* ContentView.swift */; };
		48539DF12AB0F47D005BD7C9 /* Assets.xcassets in Resources */ = {isa = PBXBuildFile; fileRef = 48539DF02AB0F47D005BD7C9 /* Assets.xcassets */; };
		48539DF42AB0F47D005BD7C9 /* Preview Assets.xcassets in Resources */ = {isa = PBXBuildFile; fileRef = 48539DF32AB0F47D005BD7C9 /* Preview Assets.xcassets */; };
/* End PBXBuildFile section */

/* Begin PBXFileReference section */
		0A013CDF2BCA19E300F2754B /* UserDefaultHelper.swift */ = {isa = PBXFileReference; lastKnownFileType = sourcecode.swift; path = UserDefaultHelper.swift; sourceTree = "<group>"; };
		0A0833CD2BBCF32300E5EF18 /* Date+.swift */ = {isa = PBXFileReference; lastKnownFileType = sourcecode.swift; path = "Date+.swift"; sourceTree = "<group>"; };
		0A0833CF2BBCF49500E5EF18 /* String+.swift */ = {isa = PBXFileReference; lastKnownFileType = sourcecode.swift; path = "String+.swift"; sourceTree = "<group>"; };
		0A0833D12BBD6BD100E5EF18 /* ScheduleAppointmentRequest.swift */ = {isa = PBXFileReference; lastKnownFileType = sourcecode.swift; path = ScheduleAppointmentRequest.swift; sourceTree = "<group>"; };
		0A0833D32BBD71A600E5EF18 /* ScheduleAppointmentResponse.swift */ = {isa = PBXFileReference; lastKnownFileType = sourcecode.swift; path = ScheduleAppointmentResponse.swift; sourceTree = "<group>"; };
		0A1866642BC8ADCB001B0BD9 /* PatientModel.swift */ = {isa = PBXFileReference; lastKnownFileType = sourcecode.swift; path = PatientModel.swift; sourceTree = "<group>"; };
		0A2002922BD88E3000AD519C /* ScheduleAppointmentNetworkinService.swift */ = {isa = PBXFileReference; lastKnownFileType = sourcecode.swift; path = ScheduleAppointmentNetworkinService.swift; sourceTree = "<group>"; };
		0A2002942BD88EF900AD519C /* ScheduleAppointmentEndpoint.swift */ = {isa = PBXFileReference; lastKnownFileType = sourcecode.swift; path = ScheduleAppointmentEndpoint.swift; sourceTree = "<group>"; };
		0A2002962BD896B300AD519C /* Dictionary+.swift */ = {isa = PBXFileReference; lastKnownFileType = sourcecode.swift; path = "Dictionary+.swift"; sourceTree = "<group>"; };
		0A2002982BD89DB400AD519C /* ScheduleAppointmentViewModel.swift */ = {isa = PBXFileReference; lastKnownFileType = sourcecode.swift; path = ScheduleAppointmentViewModel.swift; sourceTree = "<group>"; };
		0A20FC702BD7413700AD519C /* HomeEndpoint.swift */ = {isa = PBXFileReference; lastKnownFileType = sourcecode.swift; path = HomeEndpoint.swift; sourceTree = "<group>"; };
		0A20FF7F2BD7453600AD519C /* HomeNetworkingService.swift */ = {isa = PBXFileReference; lastKnownFileType = sourcecode.swift; path = HomeNetworkingService.swift; sourceTree = "<group>"; };
		0A20FF812BD7CED500AD519C /* AuthenticationEndpoint.swift */ = {isa = PBXFileReference; lastKnownFileType = sourcecode.swift; path = AuthenticationEndpoint.swift; sourceTree = "<group>"; };
		0A20FF832BD7D19300AD519C /* AuthenticationService.swift */ = {isa = PBXFileReference; lastKnownFileType = sourcecode.swift; path = AuthenticationService.swift; sourceTree = "<group>"; };
		0A2AD46C2BC4D1DE00F90B9B /* CancelAppointmentView.swift */ = {isa = PBXFileReference; lastKnownFileType = sourcecode.swift; path = CancelAppointmentView.swift; sourceTree = "<group>"; };
		0A30A8C02BD9F60500F710EB /* Data+.swift */ = {isa = PBXFileReference; lastKnownFileType = sourcecode.swift; path = "Data+.swift"; sourceTree = "<group>"; };
		0A30A8C32BD9F92F00F710EB /* LoginResponse.swift */ = {isa = PBXFileReference; lastKnownFileType = sourcecode.swift; path = LoginResponse.swift; sourceTree = "<group>"; };
		0A31C4BF2BDC99E400E1D061 /* SnackBarErrorView.swift */ = {isa = PBXFileReference; lastKnownFileType = sourcecode.swift; path = SnackBarErrorView.swift; sourceTree = "<group>"; };
		0A31C4C12BDD5A3200E1D061 /* ErrorResponse.swift */ = {isa = PBXFileReference; lastKnownFileType = sourcecode.swift; path = ErrorResponse.swift; sourceTree = "<group>"; };
		0A31C4C32BDD690A00E1D061 /* UIAplication+.swift */ = {isa = PBXFileReference; lastKnownFileType = sourcecode.swift; path = "UIAplication+.swift"; sourceTree = "<group>"; };
		0A31C4C62BDD7FAC00E1D061 /* SkeletonView.swift */ = {isa = PBXFileReference; lastKnownFileType = sourcecode.swift; path = SkeletonView.swift; sourceTree = "<group>"; };
		0A5143182BC6A2D100760413 /* SignInView.swift */ = {isa = PBXFileReference; lastKnownFileType = sourcecode.swift; path = SignInView.swift; sourceTree = "<group>"; };
		0A51431A2BC6A68600760413 /* SignUpView.swift */ = {isa = PBXFileReference; lastKnownFileType = sourcecode.swift; path = SignUpView.swift; sourceTree = "<group>"; };
		0A812E922BBB9AF90031BF39 /* ScheduleAppointmentView.swift */ = {isa = PBXFileReference; lastKnownFileType = sourcecode.swift; path = ScheduleAppointmentView.swift; sourceTree = "<group>"; };
		0AAC22A12BCF6C79009B8F66 /* KeychainHelper.swift */ = {isa = PBXFileReference; lastKnownFileType = sourcecode.swift; path = KeychainHelper.swift; sourceTree = "<group>"; };
		0AAC22A42BCFE0B2009B8F66 /* AuthenticatorManager.swift */ = {isa = PBXFileReference; lastKnownFileType = sourcecode.swift; path = AuthenticatorManager.swift; sourceTree = "<group>"; };
		0AAC25B42BD09F8B009B8F66 /* HomeViewModel.swift */ = {isa = PBXFileReference; lastKnownFileType = sourcecode.swift; path = HomeViewModel.swift; sourceTree = "<group>"; };
		0AB0449E2BC0CCAB0004956A /* MyAppointmentsView.swift */ = {isa = PBXFileReference; lastKnownFileType = sourcecode.swift; path = MyAppointmentsView.swift; sourceTree = "<group>"; };
		0AB044A02BC0D52E0004956A /* AppointmentResult.swift */ = {isa = PBXFileReference; lastKnownFileType = sourcecode.swift; path = AppointmentResult.swift; sourceTree = "<group>"; };
		0AE518562BC774BB0085023C /* FieldView.swift */ = {isa = PBXFileReference; lastKnownFileType = sourcecode.swift; path = FieldView.swift; sourceTree = "<group>"; };
		0AE518582BC77D6B0085023C /* TextDefaultView.swift */ = {isa = PBXFileReference; lastKnownFileType = sourcecode.swift; path = TextDefaultView.swift; sourceTree = "<group>"; };
		0AEBB6AF2BC94EC400149E8D /* LoginRequest.swift */ = {isa = PBXFileReference; lastKnownFileType = sourcecode.swift; path = LoginRequest.swift; sourceTree = "<group>"; };
		0AF3A77C2BD288FB0069FFB9 /* Endpoint.swift */ = {isa = PBXFileReference; lastKnownFileType = sourcecode.swift; path = Endpoint.swift; sourceTree = "<group>"; };
		0AF3A77E2BD28C260069FFB9 /* RequestMethod.swift */ = {isa = PBXFileReference; lastKnownFileType = sourcecode.swift; path = RequestMethod.swift; sourceTree = "<group>"; };
		0AF3A7802BD28CC50069FFB9 /* APIError.swift */ = {isa = PBXFileReference; lastKnownFileType = sourcecode.swift; path = APIError.swift; sourceTree = "<group>"; };
		0AF3A7822BD28DC90069FFB9 /* HTTPClient.swift */ = {isa = PBXFileReference; lastKnownFileType = sourcecode.swift; path = HTTPClient.swift; sourceTree = "<group>"; };
		484BEEFC2AB0F5750033C07A /* Specialist.swift */ = {isa = PBXFileReference; lastKnownFileType = sourcecode.swift; path = Specialist.swift; sourceTree = "<group>"; };
		484BEEFE2AB0F59D0033C07A /* WebService.swift */ = {isa = PBXFileReference; lastKnownFileType = sourcecode.swift; path = WebService.swift; sourceTree = "<group>"; };
		484BEF002AB0F6090033C07A /* ButtonView.swift */ = {isa = PBXFileReference; lastKnownFileType = sourcecode.swift; path = ButtonView.swift; sourceTree = "<group>"; };
		484BEF022AB0F7080033C07A /* SpecialistCardView.swift */ = {isa = PBXFileReference; lastKnownFileType = sourcecode.swift; path = SpecialistCardView.swift; sourceTree = "<group>"; };
		484BEF042AB0F7970033C07A /* HomeView.swift */ = {isa = PBXFileReference; lastKnownFileType = sourcecode.swift; path = HomeView.swift; sourceTree = "<group>"; };
		48539DE92AB0F47C005BD7C9 /* Vollmed.app */ = {isa = PBXFileReference; explicitFileType = wrapper.application; includeInIndex = 0; path = Vollmed.app; sourceTree = BUILT_PRODUCTS_DIR; };
		48539DEC2AB0F47C005BD7C9 /* VollmedApp.swift */ = {isa = PBXFileReference; lastKnownFileType = sourcecode.swift; path = VollmedApp.swift; sourceTree = "<group>"; };
		48539DEE2AB0F47C005BD7C9 /* ContentView.swift */ = {isa = PBXFileReference; lastKnownFileType = sourcecode.swift; path = ContentView.swift; sourceTree = "<group>"; };
		48539DF02AB0F47D005BD7C9 /* Assets.xcassets */ = {isa = PBXFileReference; lastKnownFileType = folder.assetcatalog; path = Assets.xcassets; sourceTree = "<group>"; };
		48539DF32AB0F47D005BD7C9 /* Preview Assets.xcassets */ = {isa = PBXFileReference; lastKnownFileType = folder.assetcatalog; path = "Preview Assets.xcassets"; sourceTree = "<group>"; };
/* End PBXFileReference section */

/* Begin PBXFrameworksBuildPhase section */
		48539DE62AB0F47C005BD7C9 /* Frameworks */ = {
			isa = PBXFrameworksBuildPhase;
			buildActionMask = 2147483647;
			files = (
			);
			runOnlyForDeploymentPostprocessing = 0;
		};
/* End PBXFrameworksBuildPhase section */

/* Begin PBXGroup section */
		0A013CDE2BCA19CA00F2754B /* Helpers */ = {
			isa = PBXGroup;
			children = (
				0A013CDF2BCA19E300F2754B /* UserDefaultHelper.swift */,
				0AAC22A12BCF6C79009B8F66 /* KeychainHelper.swift */,
			);
			path = Helpers;
			sourceTree = "<group>";
		};
		0A0833CC2BBCF31300E5EF18 /* Extensions */ = {
			isa = PBXGroup;
			children = (
				0A0833CD2BBCF32300E5EF18 /* Date+.swift */,
				0A0833CF2BBCF49500E5EF18 /* String+.swift */,
				0A2002962BD896B300AD519C /* Dictionary+.swift */,
				0A30A8C02BD9F60500F710EB /* Data+.swift */,
				0A31C4C32BDD690A00E1D061 /* UIAplication+.swift */,
			);
			path = Extensions;
			sourceTree = "<group>";
		};
		0A30A8C22BD9F90C00F710EB /* ScheduleAppointmentModels */ = {
			isa = PBXGroup;
			children = (
				0A0833D12BBD6BD100E5EF18 /* ScheduleAppointmentRequest.swift */,
				0A0833D32BBD71A600E5EF18 /* ScheduleAppointmentResponse.swift */,
			);
			path = ScheduleAppointmentModels;
			sourceTree = "<group>";
		};
		0A31C4BE2BDC99C800E1D061 /* SnackBarView */ = {
			isa = PBXGroup;
			children = (
				0A31C4BF2BDC99E400E1D061 /* SnackBarErrorView.swift */,
			);
			path = SnackBarView;
			sourceTree = "<group>";
		};
		0A31C4C52BDD7F9600E1D061 /* Skeleton */ = {
			isa = PBXGroup;
			children = (
				0A31C4C62BDD7FAC00E1D061 /* SkeletonView.swift */,
			);
			path = Skeleton;
			sourceTree = "<group>";
		};
		0A5143152BC6A1F100760413 /* Scenes */ = {
			isa = PBXGroup;
			children = (
				0A812E922BBB9AF90031BF39 /* ScheduleAppointmentView.swift */,
				484BEF042AB0F7970033C07A /* HomeView.swift */,
				0AB0449E2BC0CCAB0004956A /* MyAppointmentsView.swift */,
				0A2AD46C2BC4D1DE00F90B9B /* CancelAppointmentView.swift */,
				0A5143182BC6A2D100760413 /* SignInView.swift */,
				0A51431A2BC6A68600760413 /* SignUpView.swift */,
			);
			path = Scenes;
			sourceTree = "<group>";
		};
		0AAC22A32BCFE098009B8F66 /* Manager */ = {
			isa = PBXGroup;
			children = (
				0AAC22A42BCFE0B2009B8F66 /* AuthenticatorManager.swift */,
			);
			path = Manager;
			sourceTree = "<group>";
		};
		0AAC25B32BD09F7B009B8F66 /* ViewModels */ = {
			isa = PBXGroup;
			children = (
				0AAC25B42BD09F8B009B8F66 /* HomeViewModel.swift */,
				0A2002982BD89DB400AD519C /* ScheduleAppointmentViewModel.swift */,
			);
			path = ViewModels;
			sourceTree = "<group>";
		};
		0AEBB6AE2BC94EB200149E8D /* LoginModels */ = {
			isa = PBXGroup;
			children = (
				0AEBB6AF2BC94EC400149E8D /* LoginRequest.swift */,
				0A30A8C32BD9F92F00F710EB /* LoginResponse.swift */,
			);
			path = LoginModels;
			sourceTree = "<group>";
		};
		0AF3A7782BD2888E0069FFB9 /* NetWorking */ = {
			isa = PBXGroup;
			children = (
				0AF3A77B2BD288A60069FFB9 /* Services */,
				0AF3A77A2BD2889E0069FFB9 /* Endpoints */,
				0AF3A7792BD288990069FFB9 /* Base */,
			);
			path = NetWorking;
			sourceTree = "<group>";
		};
		0AF3A7792BD288990069FFB9 /* Base */ = {
			isa = PBXGroup;
			children = (
				0AF3A77C2BD288FB0069FFB9 /* Endpoint.swift */,
				0AF3A77E2BD28C260069FFB9 /* RequestMethod.swift */,
				0AF3A7802BD28CC50069FFB9 /* APIError.swift */,
				0AF3A7822BD28DC90069FFB9 /* HTTPClient.swift */,
				0A31C4C12BDD5A3200E1D061 /* ErrorResponse.swift */,
			);
			path = Base;
			sourceTree = "<group>";
		};
		0AF3A77A2BD2889E0069FFB9 /* Endpoints */ = {
			isa = PBXGroup;
			children = (
				0A20FF812BD7CED500AD519C /* AuthenticationEndpoint.swift */,
				0A20FC702BD7413700AD519C /* HomeEndpoint.swift */,
				0A2002942BD88EF900AD519C /* ScheduleAppointmentEndpoint.swift */,
			);
			path = Endpoints;
			sourceTree = "<group>";
		};
		0AF3A77B2BD288A60069FFB9 /* Services */ = {
			isa = PBXGroup;
			children = (
				0A20FF7F2BD7453600AD519C /* HomeNetworkingService.swift */,
				0A20FF832BD7D19300AD519C /* AuthenticationService.swift */,
				0A2002922BD88E3000AD519C /* ScheduleAppointmentNetworkinService.swift */,
			);
			path = Services;
			sourceTree = "<group>";
		};
		484BEEF82AB0F55F0033C07A /* Views */ = {
			isa = PBXGroup;
			children = (
				0A31C4C52BDD7F9600E1D061 /* Skeleton */,
				0A31C4BE2BDC99C800E1D061 /* SnackBarView */,
				0A5143152BC6A1F100760413 /* Scenes */,
				484BEEF92AB0F5630033C07A /* Components */,
			);
			path = Views;
			sourceTree = "<group>";
		};
		484BEEF92AB0F5630033C07A /* Components */ = {
			isa = PBXGroup;
			children = (
				484BEF002AB0F6090033C07A /* ButtonView.swift */,
				484BEF022AB0F7080033C07A /* SpecialistCardView.swift */,
				0AE518562BC774BB0085023C /* FieldView.swift */,
				0AE518582BC77D6B0085023C /* TextDefaultView.swift */,
			);
			path = Components;
			sourceTree = "<group>";
		};
		484BEEFA2AB0F5680033C07A /* Models */ = {
			isa = PBXGroup;
			children = (
				0A30A8C22BD9F90C00F710EB /* ScheduleAppointmentModels */,
				0AEBB6AE2BC94EB200149E8D /* LoginModels */,
				484BEEFC2AB0F5750033C07A /* Specialist.swift */,
				0AB044A02BC0D52E0004956A /* AppointmentResult.swift */,
				0A1866642BC8ADCB001B0BD9 /* PatientModel.swift */,
			);
			path = Models;
			sourceTree = "<group>";
		};
		484BEEFB2AB0F56C0033C07A /* Services */ = {
			isa = PBXGroup;
			children = (
				484BEEFE2AB0F59D0033C07A /* WebService.swift */,
			);
			path = Services;
			sourceTree = "<group>";
		};
		48539DE02AB0F47C005BD7C9 = {
			isa = PBXGroup;
			children = (
				48539DEB2AB0F47C005BD7C9 /* Vollmed */,
				48539DEA2AB0F47C005BD7C9 /* Products */,
			);
			sourceTree = "<group>";
		};
		48539DEA2AB0F47C005BD7C9 /* Products */ = {
			isa = PBXGroup;
			children = (
				48539DE92AB0F47C005BD7C9 /* Vollmed.app */,
			);
			name = Products;
			sourceTree = "<group>";
		};
		48539DEB2AB0F47C005BD7C9 /* Vollmed */ = {
			isa = PBXGroup;
			children = (
				0AF3A7782BD2888E0069FFB9 /* NetWorking */,
				0AAC25B32BD09F7B009B8F66 /* ViewModels */,
				0AAC22A32BCFE098009B8F66 /* Manager */,
				0A013CDE2BCA19CA00F2754B /* Helpers */,
				0A0833CC2BBCF31300E5EF18 /* Extensions */,
				484BEEFB2AB0F56C0033C07A /* Services */,
				484BEEFA2AB0F5680033C07A /* Models */,
				484BEEF82AB0F55F0033C07A /* Views */,
				48539DEC2AB0F47C005BD7C9 /* VollmedApp.swift */,
				48539DEE2AB0F47C005BD7C9 /* ContentView.swift */,
				48539DF02AB0F47D005BD7C9 /* Assets.xcassets */,
				48539DF22AB0F47D005BD7C9 /* Preview Content */,
			);
			path = Vollmed;
			sourceTree = "<group>";
		};
		48539DF22AB0F47D005BD7C9 /* Preview Content */ = {
			isa = PBXGroup;
			children = (
				48539DF32AB0F47D005BD7C9 /* Preview Assets.xcassets */,
			);
			path = "Preview Content";
			sourceTree = "<group>";
		};
/* End PBXGroup section */

/* Begin PBXNativeTarget section */
		48539DE82AB0F47C005BD7C9 /* Vollmed */ = {
			isa = PBXNativeTarget;
			buildConfigurationList = 48539DF72AB0F47D005BD7C9 /* Build configuration list for PBXNativeTarget "Vollmed" */;
			buildPhases = (
				48539DE52AB0F47C005BD7C9 /* Sources */,
				48539DE62AB0F47C005BD7C9 /* Frameworks */,
				48539DE72AB0F47C005BD7C9 /* Resources */,
			);
			buildRules = (
			);
			dependencies = (
			);
			name = Vollmed;
			productName = Vollmed;
			productReference = 48539DE92AB0F47C005BD7C9 /* Vollmed.app */;
			productType = "com.apple.product-type.application";
		};
/* End PBXNativeTarget section */

/* Begin PBXProject section */
		48539DE12AB0F47C005BD7C9 /* Project object */ = {
			isa = PBXProject;
			attributes = {
				BuildIndependentTargetsInParallel = 1;
				LastSwiftUpdateCheck = 1500;
				LastUpgradeCheck = 1500;
				TargetAttributes = {
					48539DE82AB0F47C005BD7C9 = {
						CreatedOnToolsVersion = 15.0;
					};
				};
			};
			buildConfigurationList = 48539DE42AB0F47C005BD7C9 /* Build configuration list for PBXProject "Vollmed" */;
			compatibilityVersion = "Xcode 14.0";
			developmentRegion = en;
			hasScannedForEncodings = 0;
			knownRegions = (
				en,
				Base,
			);
			mainGroup = 48539DE02AB0F47C005BD7C9;
			productRefGroup = 48539DEA2AB0F47C005BD7C9 /* Products */;
			projectDirPath = "";
			projectRoot = "";
			targets = (
				48539DE82AB0F47C005BD7C9 /* Vollmed */,
			);
		};
/* End PBXProject section */

/* Begin PBXResourcesBuildPhase section */
		48539DE72AB0F47C005BD7C9 /* Resources */ = {
			isa = PBXResourcesBuildPhase;
			buildActionMask = 2147483647;
			files = (
				48539DF42AB0F47D005BD7C9 /* Preview Assets.xcassets in Resources */,
				48539DF12AB0F47D005BD7C9 /* Assets.xcassets in Resources */,
			);
			runOnlyForDeploymentPostprocessing = 0;
		};
/* End PBXResourcesBuildPhase section */

/* Begin PBXSourcesBuildPhase section */
		48539DE52AB0F47C005BD7C9 /* Sources */ = {
			isa = PBXSourcesBuildPhase;
			buildActionMask = 2147483647;
			files = (
				0A31C4C22BDD5A3200E1D061 /* ErrorResponse.swift in Sources */,
				0AB044A12BC0D52E0004956A /* AppointmentResult.swift in Sources */,
				0A0833CE2BBCF32300E5EF18 /* Date+.swift in Sources */,
				0A31C4C72BDD7FAC00E1D061 /* SkeletonView.swift in Sources */,
				0A0833D42BBD71A600E5EF18 /* ScheduleAppointmentResponse.swift in Sources */,
				0AAC25B52BD09F8B009B8F66 /* HomeViewModel.swift in Sources */,
				0A31C4C02BDC99E400E1D061 /* SnackBarErrorView.swift in Sources */,
				0AE518592BC77D6B0085023C /* TextDefaultView.swift in Sources */,
				0AF3A7832BD28DC90069FFB9 /* HTTPClient.swift in Sources */,
				0A2AD46D2BC4D1DE00F90B9B /* CancelAppointmentView.swift in Sources */,
				48539DEF2AB0F47C005BD7C9 /* ContentView.swift in Sources */,
				0A0833D02BBCF49500E5EF18 /* String+.swift in Sources */,
				0A0833D22BBD6BD100E5EF18 /* ScheduleAppointmentRequest.swift in Sources */,
				0A013CE02BCA19E300F2754B /* UserDefaultHelper.swift in Sources */,
				0A20FC712BD7413700AD519C /* HomeEndpoint.swift in Sources */,
				0AE518572BC774BB0085023C /* FieldView.swift in Sources */,
				0AEBB6B02BC94EC400149E8D /* LoginRequest.swift in Sources */,
				0A1866652BC8ADCB001B0BD9 /* PatientModel.swift in Sources */,
				0A20FF842BD7D19300AD519C /* AuthenticationService.swift in Sources */,
				0AF3A7812BD28CC50069FFB9 /* APIError.swift in Sources */,
				0A2002992BD89DB400AD519C /* ScheduleAppointmentViewModel.swift in Sources */,
				484BEF052AB0F7970033C07A /* HomeView.swift in Sources */,
				0A31C4C42BDD690A00E1D061 /* UIAplication+.swift in Sources */,
				484BEEFD2AB0F5750033C07A /* Specialist.swift in Sources */,
				484BEF012AB0F6090033C07A /* ButtonView.swift in Sources */,
				0AF3A77F2BD28C260069FFB9 /* RequestMethod.swift in Sources */,
				0AF3A77D2BD288FB0069FFB9 /* Endpoint.swift in Sources */,
				0A2002952BD88EF900AD519C /* ScheduleAppointmentEndpoint.swift in Sources */,
				0A2002932BD88E3000AD519C /* ScheduleAppointmentNetworkinService.swift in Sources */,
				0AB0449F2BC0CCAB0004956A /* MyAppointmentsView.swift in Sources */,
				484BEF032AB0F7080033C07A /* SpecialistCardView.swift in Sources */,
				0A51431B2BC6A68600760413 /* SignUpView.swift in Sources */,
				0A20FF822BD7CED500AD519C /* AuthenticationEndpoint.swift in Sources */,
				484BEEFF2AB0F59D0033C07A /* WebService.swift in Sources */,
				0A2002972BD896B300AD519C /* Dictionary+.swift in Sources */,
				0A30A8C12BD9F60500F710EB /* Data+.swift in Sources */,
				0A30A8C42BD9F92F00F710EB /* LoginResponse.swift in Sources */,
				0AAC22A52BCFE0B2009B8F66 /* AuthenticatorManager.swift in Sources */,
				0A20FF802BD7453600AD519C /* HomeNetworkingService.swift in Sources */,
				48539DED2AB0F47C005BD7C9 /* VollmedApp.swift in Sources */,
				0A5143192BC6A2D100760413 /* SignInView.swift in Sources */,
				0AAC22A22BCF6C79009B8F66 /* KeychainHelper.swift in Sources */,
				0A812E932BBB9AF90031BF39 /* ScheduleAppointmentView.swift in Sources */,
			);
			runOnlyForDeploymentPostprocessing = 0;
		};
/* End PBXSourcesBuildPhase section */

/* Begin XCBuildConfiguration section */
		48539DF52AB0F47D005BD7C9 /* Debug */ = {
			isa = XCBuildConfiguration;
			buildSettings = {
				ALWAYS_SEARCH_USER_PATHS = NO;
				ASSETCATALOG_COMPILER_GENERATE_SWIFT_ASSET_SYMBOL_EXTENSIONS = YES;
				CLANG_ANALYZER_NONNULL = YES;
				CLANG_ANALYZER_NUMBER_OBJECT_CONVERSION = YES_AGGRESSIVE;
				CLANG_CXX_LANGUAGE_STANDARD = "gnu++20";
				CLANG_ENABLE_MODULES = YES;
				CLANG_ENABLE_OBJC_ARC = YES;
				CLANG_ENABLE_OBJC_WEAK = YES;
				CLANG_WARN_BLOCK_CAPTURE_AUTORELEASING = YES;
				CLANG_WARN_BOOL_CONVERSION = YES;
				CLANG_WARN_COMMA = YES;
				CLANG_WARN_CONSTANT_CONVERSION = YES;
				CLANG_WARN_DEPRECATED_OBJC_IMPLEMENTATIONS = YES;
				CLANG_WARN_DIRECT_OBJC_ISA_USAGE = YES_ERROR;
				CLANG_WARN_DOCUMENTATION_COMMENTS = YES;
				CLANG_WARN_EMPTY_BODY = YES;
				CLANG_WARN_ENUM_CONVERSION = YES;
				CLANG_WARN_INFINITE_RECURSION = YES;
				CLANG_WARN_INT_CONVERSION = YES;
				CLANG_WARN_NON_LITERAL_NULL_CONVERSION = YES;
				CLANG_WARN_OBJC_IMPLICIT_RETAIN_SELF = YES;
				CLANG_WARN_OBJC_LITERAL_CONVERSION = YES;
				CLANG_WARN_OBJC_ROOT_CLASS = YES_ERROR;
				CLANG_WARN_QUOTED_INCLUDE_IN_FRAMEWORK_HEADER = YES;
				CLANG_WARN_RANGE_LOOP_ANALYSIS = YES;
				CLANG_WARN_STRICT_PROTOTYPES = YES;
				CLANG_WARN_SUSPICIOUS_MOVE = YES;
				CLANG_WARN_UNGUARDED_AVAILABILITY = YES_AGGRESSIVE;
				CLANG_WARN_UNREACHABLE_CODE = YES;
				CLANG_WARN__DUPLICATE_METHOD_MATCH = YES;
				COPY_PHASE_STRIP = NO;
				DEBUG_INFORMATION_FORMAT = dwarf;
				ENABLE_STRICT_OBJC_MSGSEND = YES;
				ENABLE_TESTABILITY = YES;
				ENABLE_USER_SCRIPT_SANDBOXING = YES;
				GCC_C_LANGUAGE_STANDARD = gnu17;
				GCC_DYNAMIC_NO_PIC = NO;
				GCC_NO_COMMON_BLOCKS = YES;
				GCC_OPTIMIZATION_LEVEL = 0;
				GCC_PREPROCESSOR_DEFINITIONS = (
					"DEBUG=1",
					"$(inherited)",
				);
				GCC_WARN_64_TO_32_BIT_CONVERSION = YES;
				GCC_WARN_ABOUT_RETURN_TYPE = YES_ERROR;
				GCC_WARN_UNDECLARED_SELECTOR = YES;
				GCC_WARN_UNINITIALIZED_AUTOS = YES_AGGRESSIVE;
				GCC_WARN_UNUSED_FUNCTION = YES;
				GCC_WARN_UNUSED_VARIABLE = YES;
				IPHONEOS_DEPLOYMENT_TARGET = 17.0;
				LOCALIZATION_PREFERS_STRING_CATALOGS = YES;
				MTL_ENABLE_DEBUG_INFO = INCLUDE_SOURCE;
				MTL_FAST_MATH = YES;
				ONLY_ACTIVE_ARCH = YES;
				SDKROOT = iphoneos;
				SWIFT_ACTIVE_COMPILATION_CONDITIONS = "DEBUG $(inherited)";
				SWIFT_OPTIMIZATION_LEVEL = "-Onone";
			};
			name = Debug;
		};
		48539DF62AB0F47D005BD7C9 /* Release */ = {
			isa = XCBuildConfiguration;
			buildSettings = {
				ALWAYS_SEARCH_USER_PATHS = NO;
				ASSETCATALOG_COMPILER_GENERATE_SWIFT_ASSET_SYMBOL_EXTENSIONS = YES;
				CLANG_ANALYZER_NONNULL = YES;
				CLANG_ANALYZER_NUMBER_OBJECT_CONVERSION = YES_AGGRESSIVE;
				CLANG_CXX_LANGUAGE_STANDARD = "gnu++20";
				CLANG_ENABLE_MODULES = YES;
				CLANG_ENABLE_OBJC_ARC = YES;
				CLANG_ENABLE_OBJC_WEAK = YES;
				CLANG_WARN_BLOCK_CAPTURE_AUTORELEASING = YES;
				CLANG_WARN_BOOL_CONVERSION = YES;
				CLANG_WARN_COMMA = YES;
				CLANG_WARN_CONSTANT_CONVERSION = YES;
				CLANG_WARN_DEPRECATED_OBJC_IMPLEMENTATIONS = YES;
				CLANG_WARN_DIRECT_OBJC_ISA_USAGE = YES_ERROR;
				CLANG_WARN_DOCUMENTATION_COMMENTS = YES;
				CLANG_WARN_EMPTY_BODY = YES;
				CLANG_WARN_ENUM_CONVERSION = YES;
				CLANG_WARN_INFINITE_RECURSION = YES;
				CLANG_WARN_INT_CONVERSION = YES;
				CLANG_WARN_NON_LITERAL_NULL_CONVERSION = YES;
				CLANG_WARN_OBJC_IMPLICIT_RETAIN_SELF = YES;
				CLANG_WARN_OBJC_LITERAL_CONVERSION = YES;
				CLANG_WARN_OBJC_ROOT_CLASS = YES_ERROR;
				CLANG_WARN_QUOTED_INCLUDE_IN_FRAMEWORK_HEADER = YES;
				CLANG_WARN_RANGE_LOOP_ANALYSIS = YES;
				CLANG_WARN_STRICT_PROTOTYPES = YES;
				CLANG_WARN_SUSPICIOUS_MOVE = YES;
				CLANG_WARN_UNGUARDED_AVAILABILITY = YES_AGGRESSIVE;
				CLANG_WARN_UNREACHABLE_CODE = YES;
				CLANG_WARN__DUPLICATE_METHOD_MATCH = YES;
				COPY_PHASE_STRIP = NO;
				DEBUG_INFORMATION_FORMAT = "dwarf-with-dsym";
				ENABLE_NS_ASSERTIONS = NO;
				ENABLE_STRICT_OBJC_MSGSEND = YES;
				ENABLE_USER_SCRIPT_SANDBOXING = YES;
				GCC_C_LANGUAGE_STANDARD = gnu17;
				GCC_NO_COMMON_BLOCKS = YES;
				GCC_WARN_64_TO_32_BIT_CONVERSION = YES;
				GCC_WARN_ABOUT_RETURN_TYPE = YES_ERROR;
				GCC_WARN_UNDECLARED_SELECTOR = YES;
				GCC_WARN_UNINITIALIZED_AUTOS = YES_AGGRESSIVE;
				GCC_WARN_UNUSED_FUNCTION = YES;
				GCC_WARN_UNUSED_VARIABLE = YES;
				IPHONEOS_DEPLOYMENT_TARGET = 17.0;
				LOCALIZATION_PREFERS_STRING_CATALOGS = YES;
				MTL_ENABLE_DEBUG_INFO = NO;
				MTL_FAST_MATH = YES;
				SDKROOT = iphoneos;
				SWIFT_COMPILATION_MODE = wholemodule;
				VALIDATE_PRODUCT = YES;
			};
			name = Release;
		};
		48539DF82AB0F47D005BD7C9 /* Debug */ = {
			isa = XCBuildConfiguration;
			buildSettings = {
				ASSETCATALOG_COMPILER_APPICON_NAME = AppIcon;
				ASSETCATALOG_COMPILER_GLOBAL_ACCENT_COLOR_NAME = AccentColor;
				CODE_SIGN_IDENTITY = "Apple Development";
				CODE_SIGN_STYLE = Automatic;
				CURRENT_PROJECT_VERSION = 1;
				DEVELOPMENT_ASSET_PATHS = "\"Vollmed/Preview Content\"";
				DEVELOPMENT_TEAM = 9F25RFAWN4;
				ENABLE_PREVIEWS = YES;
				GENERATE_INFOPLIST_FILE = YES;
				INFOPLIST_KEY_UIApplicationSceneManifest_Generation = YES;
				INFOPLIST_KEY_UIApplicationSupportsIndirectInputEvents = YES;
				INFOPLIST_KEY_UILaunchScreen_Generation = YES;
				INFOPLIST_KEY_UISupportedInterfaceOrientations_iPad = "UIInterfaceOrientationPortrait UIInterfaceOrientationPortraitUpsideDown UIInterfaceOrientationLandscapeLeft UIInterfaceOrientationLandscapeRight";
				INFOPLIST_KEY_UISupportedInterfaceOrientations_iPhone = "UIInterfaceOrientationPortrait UIInterfaceOrientationLandscapeLeft UIInterfaceOrientationLandscapeRight";
				LD_RUNPATH_SEARCH_PATHS = (
					"$(inherited)",
					"@executable_path/Frameworks",
				);
				MARKETING_VERSION = 1.0;
				PRODUCT_BUNDLE_IDENTIFIER = com.giovannamoeller.Vollmed;
				PRODUCT_NAME = "$(TARGET_NAME)";
				PROVISIONING_PROFILE_SPECIFIER = "";
				SWIFT_EMIT_LOC_STRINGS = YES;
				SWIFT_VERSION = 5.0;
				TARGETED_DEVICE_FAMILY = "1,2";
			};
			name = Debug;
		};
		48539DF92AB0F47D005BD7C9 /* Release */ = {
			isa = XCBuildConfiguration;
			buildSettings = {
				ASSETCATALOG_COMPILER_APPICON_NAME = AppIcon;
				ASSETCATALOG_COMPILER_GLOBAL_ACCENT_COLOR_NAME = AccentColor;
				CODE_SIGN_IDENTITY = "Apple Development";
				CODE_SIGN_STYLE = Automatic;
				CURRENT_PROJECT_VERSION = 1;
				DEVELOPMENT_ASSET_PATHS = "\"Vollmed/Preview Content\"";
				DEVELOPMENT_TEAM = 9F25RFAWN4;
				ENABLE_PREVIEWS = YES;
				GENERATE_INFOPLIST_FILE = YES;
				INFOPLIST_KEY_UIApplicationSceneManifest_Generation = YES;
				INFOPLIST_KEY_UIApplicationSupportsIndirectInputEvents = YES;
				INFOPLIST_KEY_UILaunchScreen_Generation = YES;
				INFOPLIST_KEY_UISupportedInterfaceOrientations_iPad = "UIInterfaceOrientationPortrait UIInterfaceOrientationPortraitUpsideDown UIInterfaceOrientationLandscapeLeft UIInterfaceOrientationLandscapeRight";
				INFOPLIST_KEY_UISupportedInterfaceOrientations_iPhone = "UIInterfaceOrientationPortrait UIInterfaceOrientationLandscapeLeft UIInterfaceOrientationLandscapeRight";
				LD_RUNPATH_SEARCH_PATHS = (
					"$(inherited)",
					"@executable_path/Frameworks",
				);
				MARKETING_VERSION = 1.0;
				PRODUCT_BUNDLE_IDENTIFIER = com.giovannamoeller.Vollmed;
				PRODUCT_NAME = "$(TARGET_NAME)";
				PROVISIONING_PROFILE_SPECIFIER = "";
				SWIFT_EMIT_LOC_STRINGS = YES;
				SWIFT_VERSION = 5.0;
				TARGETED_DEVICE_FAMILY = "1,2";
			};
			name = Release;
		};
/* End XCBuildConfiguration section */

/* Begin XCConfigurationList section */
		48539DE42AB0F47C005BD7C9 /* Build configuration list for PBXProject "Vollmed" */ = {
			isa = XCConfigurationList;
			buildConfigurations = (
				48539DF52AB0F47D005BD7C9 /* Debug */,
				48539DF62AB0F47D005BD7C9 /* Release */,
			);
			defaultConfigurationIsVisible = 0;
			defaultConfigurationName = Release;
		};
		48539DF72AB0F47D005BD7C9 /* Build configuration list for PBXNativeTarget "Vollmed" */ = {
			isa = XCConfigurationList;
			buildConfigurations = (
				48539DF82AB0F47D005BD7C9 /* Debug */,
				48539DF92AB0F47D005BD7C9 /* Release */,
			);
			defaultConfigurationIsVisible = 0;
			defaultConfigurationName = Release;
		};
/* End XCConfigurationList section */
	};
	rootObject = 48539DE12AB0F47C005BD7C9 /* Project object */;
}
