// !$*UTF8*$!
{
	archiveVersion = 1;
	classes = {
	};
	objectVersion = 56;
	objects = {

/* Begin PBXBuildFile section */
		0A0FF7152BA92B440059826D /* WelcomeView.swift in Sources */ = {isa = PBXBuildFile; fileRef = 0A0FF7142BA92B440059826D /* WelcomeView.swift */; };
		0A2E9BBF2BA13FE3005B7383 /* StoreItemView.swift in Sources */ = {isa = PBXBuildFile; fileRef = 0A2E9BBE2BA13FE3005B7383 /* StoreItemView.swift */; };
		0A2E9BC12BA140C7005B7383 /* StoreItemList.swift in Sources */ = {isa = PBXBuildFile; fileRef = 0A2E9BC02BA140C7005B7383 /* StoreItemList.swift */; };
		0A476BF32B9803AF004ED4C4 /* OrderType.swift in Sources */ = {isa = PBXBuildFile; fileRef = 0A476BF22B9803AF004ED4C4 /* OrderType.swift */; };
		0A476BF52B98042A004ED4C4 /* DataSourceMock.swift in Sources */ = {isa = PBXBuildFile; fileRef = 0A476BF42B98042A004ED4C4 /* DataSourceMock.swift */; };
		0A476BF72B98096C004ED4C4 /* OrderTypeView.swift in Sources */ = {isa = PBXBuildFile; fileRef = 0A476BF62B98096C004ED4C4 /* OrderTypeView.swift */; };
		0A4872312BAD220A009C7FA5 /* HomeService.swift in Sources */ = {isa = PBXBuildFile; fileRef = 0A4872302BAD220A009C7FA5 /* HomeService.swift */; };
		0A6678D22B9FE8F200299377 /* CarouselItemView.swift in Sources */ = {isa = PBXBuildFile; fileRef = 0A6678D12B9FE8F200299377 /* CarouselItemView.swift */; };
		0A6678D42B9FEA9C00299377 /* CarouselTabView.swift in Sources */ = {isa = PBXBuildFile; fileRef = 0A6678D32B9FEA9C00299377 /* CarouselTabView.swift */; };
		0A99E1872BA774ED00EBB68B /* StoreDetailHeaderView.swift in Sources */ = {isa = PBXBuildFile; fileRef = 0A99E1862BA774ED00EBB68B /* StoreDetailHeaderView.swift */; };
		0A99E1892BA7771900EBB68B /* StoreDetailProductsView.swift in Sources */ = {isa = PBXBuildFile; fileRef = 0A99E1882BA7771900EBB68B /* StoreDetailProductsView.swift */; };
		0A99E18C2BA77AE400EBB68B /* RatingMenu.swift in Sources */ = {isa = PBXBuildFile; fileRef = 0A99E18B2BA77AE400EBB68B /* RatingMenu.swift */; };
		0A99E1902BA77BA900EBB68B /* DistanceMenu.swift in Sources */ = {isa = PBXBuildFile; fileRef = 0A99E18F2BA77BA900EBB68B /* DistanceMenu.swift */; };
		0A99E1922BA77EF300EBB68B /* ProductDetailHeaderView.swift in Sources */ = {isa = PBXBuildFile; fileRef = 0A99E1912BA77EF300EBB68B /* ProductDetailHeaderView.swift */; };
		0A99E1942BA77F8B00EBB68B /* ProductDetailQuantityView.swift in Sources */ = {isa = PBXBuildFile; fileRef = 0A99E1932BA77F8B00EBB68B /* ProductDetailQuantityView.swift */; };
		0AC3DB5F2BA3D81A00D089C2 /* StoreDetailProductView.swift in Sources */ = {isa = PBXBuildFile; fileRef = 0AC3DB5E2BA3D81A00D089C2 /* StoreDetailProductView.swift */; };
		0AC3DB622BA3E1DA00D089C2 /* DoubleExtension.swift in Sources */ = {isa = PBXBuildFile; fileRef = 0AC3DB612BA3E1DA00D089C2 /* DoubleExtension.swift */; };
		0AC3DE532BA4F7BD00D089C2 /* ProductDetailView.swift in Sources */ = {isa = PBXBuildFile; fileRef = 0AC3DE522BA4F7BD00D089C2 /* ProductDetailView.swift */; };
		0AF62B6A2B901003007D62B1 /* Chef_Delivery_SwiftUIApp.swift in Sources */ = {isa = PBXBuildFile; fileRef = 0AF62B692B901003007D62B1 /* Chef_Delivery_SwiftUIApp.swift */; };
		0AF62B6C2B901003007D62B1 /* ContentView.swift in Sources */ = {isa = PBXBuildFile; fileRef = 0AF62B6B2B901003007D62B1 /* ContentView.swift */; };
		0AF62B6E2B901005007D62B1 /* Assets.xcassets in Resources */ = {isa = PBXBuildFile; fileRef = 0AF62B6D2B901005007D62B1 /* Assets.xcassets */; };
		0AF62B712B901005007D62B1 /* Preview Assets.xcassets in Resources */ = {isa = PBXBuildFile; fileRef = 0AF62B702B901005007D62B1 /* Preview Assets.xcassets */; };
		0AF62B7A2B901381007D62B1 /* NavigationBar.swift in Sources */ = {isa = PBXBuildFile; fileRef = 0AF62B792B901381007D62B1 /* NavigationBar.swift */; };
		0AF62B7D2B901868007D62B1 /* OrderTypeGrid.swift in Sources */ = {isa = PBXBuildFile; fileRef = 0AF62B7C2B901868007D62B1 /* OrderTypeGrid.swift */; };
		0AF9BE2D2BA2906E004D1454 /* StoreDetailView.swift in Sources */ = {isa = PBXBuildFile; fileRef = 0AF9BE2C2BA2906E004D1454 /* StoreDetailView.swift */; };
		0AF9BE2F2BA294E5004D1454 /* StoreType.swift in Sources */ = {isa = PBXBuildFile; fileRef = 0AF9BE2E2BA294E5004D1454 /* StoreType.swift */; };
		0AF9BE312BA2954A004D1454 /* ProductType.swift in Sources */ = {isa = PBXBuildFile; fileRef = 0AF9BE302BA2954A004D1454 /* ProductType.swift */; };
/* End PBXBuildFile section */

/* Begin PBXFileReference section */
		0A0FF7142BA92B440059826D /* WelcomeView.swift */ = {isa = PBXFileReference; lastKnownFileType = sourcecode.swift; path = WelcomeView.swift; sourceTree = "<group>"; };
		0A2E9BBE2BA13FE3005B7383 /* StoreItemView.swift */ = {isa = PBXFileReference; lastKnownFileType = sourcecode.swift; path = StoreItemView.swift; sourceTree = "<group>"; };
		0A2E9BC02BA140C7005B7383 /* StoreItemList.swift */ = {isa = PBXFileReference; lastKnownFileType = sourcecode.swift; path = StoreItemList.swift; sourceTree = "<group>"; };
		0A476BF22B9803AF004ED4C4 /* OrderType.swift */ = {isa = PBXFileReference; lastKnownFileType = sourcecode.swift; path = OrderType.swift; sourceTree = "<group>"; };
		0A476BF42B98042A004ED4C4 /* DataSourceMock.swift */ = {isa = PBXFileReference; lastKnownFileType = sourcecode.swift; path = DataSourceMock.swift; sourceTree = "<group>"; };
		0A476BF62B98096C004ED4C4 /* OrderTypeView.swift */ = {isa = PBXFileReference; lastKnownFileType = sourcecode.swift; path = OrderTypeView.swift; sourceTree = "<group>"; };
		0A4872302BAD220A009C7FA5 /* HomeService.swift */ = {isa = PBXFileReference; lastKnownFileType = sourcecode.swift; path = HomeService.swift; sourceTree = "<group>"; };
		0A6678D12B9FE8F200299377 /* CarouselItemView.swift */ = {isa = PBXFileReference; lastKnownFileType = sourcecode.swift; path = CarouselItemView.swift; sourceTree = "<group>"; };
		0A6678D32B9FEA9C00299377 /* CarouselTabView.swift */ = {isa = PBXFileReference; lastKnownFileType = sourcecode.swift; path = CarouselTabView.swift; sourceTree = "<group>"; };
		0A99E1862BA774ED00EBB68B /* StoreDetailHeaderView.swift */ = {isa = PBXFileReference; lastKnownFileType = sourcecode.swift; path = StoreDetailHeaderView.swift; sourceTree = "<group>"; };
		0A99E1882BA7771900EBB68B /* StoreDetailProductsView.swift */ = {isa = PBXFileReference; lastKnownFileType = sourcecode.swift; path = StoreDetailProductsView.swift; sourceTree = "<group>"; };
		0A99E18B2BA77AE400EBB68B /* RatingMenu.swift */ = {isa = PBXFileReference; lastKnownFileType = sourcecode.swift; path = RatingMenu.swift; sourceTree = "<group>"; };
		0A99E18F2BA77BA900EBB68B /* DistanceMenu.swift */ = {isa = PBXFileReference; lastKnownFileType = sourcecode.swift; path = DistanceMenu.swift; sourceTree = "<group>"; };
		0A99E1912BA77EF300EBB68B /* ProductDetailHeaderView.swift */ = {isa = PBXFileReference; lastKnownFileType = sourcecode.swift; path = ProductDetailHeaderView.swift; sourceTree = "<group>"; };
		0A99E1932BA77F8B00EBB68B /* ProductDetailQuantityView.swift */ = {isa = PBXFileReference; lastKnownFileType = sourcecode.swift; path = ProductDetailQuantityView.swift; sourceTree = "<group>"; };
		0AC3DB5E2BA3D81A00D089C2 /* StoreDetailProductView.swift */ = {isa = PBXFileReference; lastKnownFileType = sourcecode.swift; path = StoreDetailProductView.swift; sourceTree = "<group>"; };
		0AC3DB612BA3E1DA00D089C2 /* DoubleExtension.swift */ = {isa = PBXFileReference; lastKnownFileType = sourcecode.swift; path = DoubleExtension.swift; sourceTree = "<group>"; };
		0AC3DE522BA4F7BD00D089C2 /* ProductDetailView.swift */ = {isa = PBXFileReference; lastKnownFileType = sourcecode.swift; path = ProductDetailView.swift; sourceTree = "<group>"; };
		0AF62B662B901003007D62B1 /* Chef Delivery SwiftUI.app */ = {isa = PBXFileReference; explicitFileType = wrapper.application; includeInIndex = 0; path = "Chef Delivery SwiftUI.app"; sourceTree = BUILT_PRODUCTS_DIR; };
		0AF62B692B901003007D62B1 /* Chef_Delivery_SwiftUIApp.swift */ = {isa = PBXFileReference; lastKnownFileType = sourcecode.swift; path = Chef_Delivery_SwiftUIApp.swift; sourceTree = "<group>"; };
		0AF62B6B2B901003007D62B1 /* ContentView.swift */ = {isa = PBXFileReference; lastKnownFileType = sourcecode.swift; path = ContentView.swift; sourceTree = "<group>"; };
		0AF62B6D2B901005007D62B1 /* Assets.xcassets */ = {isa = PBXFileReference; lastKnownFileType = folder.assetcatalog; path = Assets.xcassets; sourceTree = "<group>"; };
		0AF62B702B901005007D62B1 /* Preview Assets.xcassets */ = {isa = PBXFileReference; lastKnownFileType = folder.assetcatalog; path = "Preview Assets.xcassets"; sourceTree = "<group>"; };
		0AF62B792B901381007D62B1 /* NavigationBar.swift */ = {isa = PBXFileReference; lastKnownFileType = sourcecode.swift; path = NavigationBar.swift; sourceTree = "<group>"; };
		0AF62B7C2B901868007D62B1 /* OrderTypeGrid.swift */ = {isa = PBXFileReference; lastKnownFileType = sourcecode.swift; path = OrderTypeGrid.swift; sourceTree = "<group>"; };
		0AF9BE2C2BA2906E004D1454 /* StoreDetailView.swift */ = {isa = PBXFileReference; lastKnownFileType = sourcecode.swift; path = StoreDetailView.swift; sourceTree = "<group>"; };
		0AF9BE2E2BA294E5004D1454 /* StoreType.swift */ = {isa = PBXFileReference; lastKnownFileType = sourcecode.swift; path = StoreType.swift; sourceTree = "<group>"; };
		0AF9BE302BA2954A004D1454 /* ProductType.swift */ = {isa = PBXFileReference; lastKnownFileType = sourcecode.swift; path = ProductType.swift; sourceTree = "<group>"; };
/* End PBXFileReference section */

/* Begin PBXFrameworksBuildPhase section */
		0AF62B632B901003007D62B1 /* Frameworks */ = {
			isa = PBXFrameworksBuildPhase;
			buildActionMask = 2147483647;
			files = (
			);
			runOnlyForDeploymentPostprocessing = 0;
		};
/* End PBXFrameworksBuildPhase section */

/* Begin PBXGroup section */
		0A0FF7112BA92A1B0059826D /* Welcome */ = {
			isa = PBXGroup;
			children = (
				0A0FF7142BA92B440059826D /* WelcomeView.swift */,
			);
			path = Welcome;
			sourceTree = "<group>";
		};
		0A2E9BBD2BA13FB3005B7383 /* StoresView */ = {
			isa = PBXGroup;
			children = (
				0A2E9BBE2BA13FE3005B7383 /* StoreItemView.swift */,
				0A2E9BC02BA140C7005B7383 /* StoreItemList.swift */,
			);
			path = StoresView;
			sourceTree = "<group>";
		};
		0A476BF12B980399004ED4C4 /* Model */ = {
			isa = PBXGroup;
			children = (
				0A476BF22B9803AF004ED4C4 /* OrderType.swift */,
				0A476BF42B98042A004ED4C4 /* DataSourceMock.swift */,
				0AF9BE2E2BA294E5004D1454 /* StoreType.swift */,
				0AF9BE302BA2954A004D1454 /* ProductType.swift */,
			);
			path = Model;
			sourceTree = "<group>";
		};
		0A6678D02B9FE8BD00299377 /* CarouselItemView */ = {
			isa = PBXGroup;
			children = (
				0A6678D12B9FE8F200299377 /* CarouselItemView.swift */,
				0A6678D32B9FEA9C00299377 /* CarouselTabView.swift */,
			);
			path = CarouselItemView;
			sourceTree = "<group>";
		};
		0A99E18A2BA77AAC00EBB68B /* Menus */ = {
			isa = PBXGroup;
			children = (
				0A99E18B2BA77AE400EBB68B /* RatingMenu.swift */,
				0A99E18F2BA77BA900EBB68B /* DistanceMenu.swift */,
			);
			path = Menus;
			sourceTree = "<group>";
		};
		0AC3DB602BA3E1BA00D089C2 /* Extensions */ = {
			isa = PBXGroup;
			children = (
				0AC3DB612BA3E1DA00D089C2 /* DoubleExtension.swift */,
			);
			path = Extensions;
			sourceTree = "<group>";
		};
		0AC3DE512BA4F7A000D089C2 /* ProductDetailView */ = {
			isa = PBXGroup;
			children = (
				0AC3DE522BA4F7BD00D089C2 /* ProductDetailView.swift */,
				0A99E1912BA77EF300EBB68B /* ProductDetailHeaderView.swift */,
				0A99E1932BA77F8B00EBB68B /* ProductDetailQuantityView.swift */,
			);
			path = ProductDetailView;
			sourceTree = "<group>";
		};
		0AF62B5D2B901003007D62B1 = {
			isa = PBXGroup;
			children = (
				0AF62B682B901003007D62B1 /* Chef Delivery SwiftUI */,
				0AF62B672B901003007D62B1 /* Products */,
			);
			sourceTree = "<group>";
		};
		0AF62B672B901003007D62B1 /* Products */ = {
			isa = PBXGroup;
			children = (
				0AF62B662B901003007D62B1 /* Chef Delivery SwiftUI.app */,
			);
			name = Products;
			sourceTree = "<group>";
		};
		0AF62B682B901003007D62B1 /* Chef Delivery SwiftUI */ = {
			isa = PBXGroup;
			children = (
				0A0FF7112BA92A1B0059826D /* Welcome */,
				0AC3DE512BA4F7A000D089C2 /* ProductDetailView */,
				0AC3DB602BA3E1BA00D089C2 /* Extensions */,
				0AF62B782B90134C007D62B1 /* Home */,
				0A476BF12B980399004ED4C4 /* Model */,
				0AF62B772B901341007D62B1 /* NaviationBar */,
				0AF9BE2A2BA28F4E004D1454 /* StoreDetailView */,
				0AF62B6D2B901005007D62B1 /* Assets.xcassets */,
				0AF62B6F2B901005007D62B1 /* Preview Content */,
			);
			path = "Chef Delivery SwiftUI";
			sourceTree = "<group>";
		};
		0AF62B6F2B901005007D62B1 /* Preview Content */ = {
			isa = PBXGroup;
			children = (
				0AF62B702B901005007D62B1 /* Preview Assets.xcassets */,
			);
			path = "Preview Content";
			sourceTree = "<group>";
		};
		0AF62B772B901341007D62B1 /* NaviationBar */ = {
			isa = PBXGroup;
			children = (
				0AF62B792B901381007D62B1 /* NavigationBar.swift */,
			);
			path = NaviationBar;
			sourceTree = "<group>";
		};
		0AF62B782B90134C007D62B1 /* Home */ = {
			isa = PBXGroup;
			children = (
				0A99E18A2BA77AAC00EBB68B /* Menus */,
				0A2E9BBD2BA13FB3005B7383 /* StoresView */,
				0A6678D02B9FE8BD00299377 /* CarouselItemView */,
				0AF62B7B2B901844007D62B1 /* GridView */,
				0AF62B6B2B901003007D62B1 /* ContentView.swift */,
				0AF62B692B901003007D62B1 /* Chef_Delivery_SwiftUIApp.swift */,
				0A4872302BAD220A009C7FA5 /* HomeService.swift */,
			);
			path = Home;
			sourceTree = "<group>";
		};
		0AF62B7B2B901844007D62B1 /* GridView */ = {
			isa = PBXGroup;
			children = (
				0AF62B7C2B901868007D62B1 /* OrderTypeGrid.swift */,
				0A476BF62B98096C004ED4C4 /* OrderTypeView.swift */,
			);
			path = GridView;
			sourceTree = "<group>";
		};
		0AF9BE2A2BA28F4E004D1454 /* StoreDetailView */ = {
			isa = PBXGroup;
			children = (
				0AF9BE2C2BA2906E004D1454 /* StoreDetailView.swift */,
				0AC3DB5E2BA3D81A00D089C2 /* StoreDetailProductView.swift */,
				0A99E1862BA774ED00EBB68B /* StoreDetailHeaderView.swift */,
				0A99E1882BA7771900EBB68B /* StoreDetailProductsView.swift */,
			);
			path = StoreDetailView;
			sourceTree = "<group>";
		};
/* End PBXGroup section */

/* Begin PBXNativeTarget section */
		0AF62B652B901003007D62B1 /* Chef Delivery SwiftUI */ = {
			isa = PBXNativeTarget;
			buildConfigurationList = 0AF62B742B901005007D62B1 /* Build configuration list for PBXNativeTarget "Chef Delivery SwiftUI" */;
			buildPhases = (
				0AF62B622B901003007D62B1 /* Sources */,
				0AF62B632B901003007D62B1 /* Frameworks */,
				0AF62B642B901003007D62B1 /* Resources */,
			);
			buildRules = (
			);
			dependencies = (
			);
			name = "Chef Delivery SwiftUI";
			productName = "Chef Delivery SwiftUI";
			productReference = 0AF62B662B901003007D62B1 /* Chef Delivery SwiftUI.app */;
			productType = "com.apple.product-type.application";
		};
/* End PBXNativeTarget section */

/* Begin PBXProject section */
		0AF62B5E2B901003007D62B1 /* Project object */ = {
			isa = PBXProject;
			attributes = {
				BuildIndependentTargetsInParallel = 1;
				LastSwiftUpdateCheck = 1430;
				LastUpgradeCheck = 1430;
				TargetAttributes = {
					0AF62B652B901003007D62B1 = {
						CreatedOnToolsVersion = 14.3.1;
					};
				};
			};
			buildConfigurationList = 0AF62B612B901003007D62B1 /* Build configuration list for PBXProject "Chef Delivery SwiftUI" */;
			compatibilityVersion = "Xcode 14.0";
			developmentRegion = en;
			hasScannedForEncodings = 0;
			knownRegions = (
				en,
				Base,
			);
			mainGroup = 0AF62B5D2B901003007D62B1;
			productRefGroup = 0AF62B672B901003007D62B1 /* Products */;
			projectDirPath = "";
			projectRoot = "";
			targets = (
				0AF62B652B901003007D62B1 /* Chef Delivery SwiftUI */,
			);
		};
/* End PBXProject section */

/* Begin PBXResourcesBuildPhase section */
		0AF62B642B901003007D62B1 /* Resources */ = {
			isa = PBXResourcesBuildPhase;
			buildActionMask = 2147483647;
			files = (
				0AF62B712B901005007D62B1 /* Preview Assets.xcassets in Resources */,
				0AF62B6E2B901005007D62B1 /* Assets.xcassets in Resources */,
			);
			runOnlyForDeploymentPostprocessing = 0;
		};
/* End PBXResourcesBuildPhase section */

/* Begin PBXSourcesBuildPhase section */
		0AF62B622B901003007D62B1 /* Sources */ = {
			isa = PBXSourcesBuildPhase;
			buildActionMask = 2147483647;
			files = (
				0A476BF32B9803AF004ED4C4 /* OrderType.swift in Sources */,
				0AF9BE312BA2954A004D1454 /* ProductType.swift in Sources */,
				0A6678D22B9FE8F200299377 /* CarouselItemView.swift in Sources */,
				0AC3DE532BA4F7BD00D089C2 /* ProductDetailView.swift in Sources */,
				0A99E1922BA77EF300EBB68B /* ProductDetailHeaderView.swift in Sources */,
				0AF62B6C2B901003007D62B1 /* ContentView.swift in Sources */,
				0A99E18C2BA77AE400EBB68B /* RatingMenu.swift in Sources */,
				0A476BF52B98042A004ED4C4 /* DataSourceMock.swift in Sources */,
				0A476BF72B98096C004ED4C4 /* OrderTypeView.swift in Sources */,
				0A2E9BBF2BA13FE3005B7383 /* StoreItemView.swift in Sources */,
				0AF62B6A2B901003007D62B1 /* Chef_Delivery_SwiftUIApp.swift in Sources */,
				0A99E1902BA77BA900EBB68B /* DistanceMenu.swift in Sources */,
				0AC3DB622BA3E1DA00D089C2 /* DoubleExtension.swift in Sources */,
				0AF9BE2D2BA2906E004D1454 /* StoreDetailView.swift in Sources */,
				0A4872312BAD220A009C7FA5 /* HomeService.swift in Sources */,
				0A2E9BC12BA140C7005B7383 /* StoreItemList.swift in Sources */,
				0AC3DB5F2BA3D81A00D089C2 /* StoreDetailProductView.swift in Sources */,
				0AF62B7D2B901868007D62B1 /* OrderTypeGrid.swift in Sources */,
				0A99E1942BA77F8B00EBB68B /* ProductDetailQuantityView.swift in Sources */,
				0A99E1892BA7771900EBB68B /* StoreDetailProductsView.swift in Sources */,
				0A0FF7152BA92B440059826D /* WelcomeView.swift in Sources */,
				0AF62B7A2B901381007D62B1 /* NavigationBar.swift in Sources */,
				0AF9BE2F2BA294E5004D1454 /* StoreType.swift in Sources */,
				0A99E1872BA774ED00EBB68B /* StoreDetailHeaderView.swift in Sources */,
				0A6678D42B9FEA9C00299377 /* CarouselTabView.swift in Sources */,
			);
			runOnlyForDeploymentPostprocessing = 0;
		};
/* End PBXSourcesBuildPhase section */

/* Begin XCBuildConfiguration section */
		0AF62B722B901005007D62B1 /* Debug */ = {
			isa = XCBuildConfiguration;
			buildSettings = {
				ALWAYS_SEARCH_USER_PATHS = NO;
				CLANG_ANALYZER_NONNULL = YES;
				CLANG_ANALYZER_NUMBER_OBJECT_CONVERSION = YES_AGGRESSIVE;
				CLANG_CXX_LANGUAGE_STANDARD = "gnu++20";
				CLANG_ENABLE_MODULES = YES;
				CLANG_ENABLE_OBJC_ARC = YES;
				CLANG_ENABLE_OBJC_WEAK = YES;
				CLANG_WARN_BLOCK_CAPTURE_AUTORELEASING = YES;
				CLANG_WARN_BOOL_CONVERSION = YES;
				CLANG_WARN_COMMA = YES;
				CLANG_WARN_CONSTANT_CONVERSION = YES;
				CLANG_WARN_DEPRECATED_OBJC_IMPLEMENTATIONS = YES;
				CLANG_WARN_DIRECT_OBJC_ISA_USAGE = YES_ERROR;
				CLANG_WARN_DOCUMENTATION_COMMENTS = YES;
				CLANG_WARN_EMPTY_BODY = YES;
				CLANG_WARN_ENUM_CONVERSION = YES;
				CLANG_WARN_INFINITE_RECURSION = YES;
				CLANG_WARN_INT_CONVERSION = YES;
				CLANG_WARN_NON_LITERAL_NULL_CONVERSION = YES;
				CLANG_WARN_OBJC_IMPLICIT_RETAIN_SELF = YES;
				CLANG_WARN_OBJC_LITERAL_CONVERSION = YES;
				CLANG_WARN_OBJC_ROOT_CLASS = YES_ERROR;
				CLANG_WARN_QUOTED_INCLUDE_IN_FRAMEWORK_HEADER = YES;
				CLANG_WARN_RANGE_LOOP_ANALYSIS = YES;
				CLANG_WARN_STRICT_PROTOTYPES = YES;
				CLANG_WARN_SUSPICIOUS_MOVE = YES;
				CLANG_WARN_UNGUARDED_AVAILABILITY = YES_AGGRESSIVE;
				CLANG_WARN_UNREACHABLE_CODE = YES;
				CLANG_WARN__DUPLICATE_METHOD_MATCH = YES;
				COPY_PHASE_STRIP = NO;
				DEBUG_INFORMATION_FORMAT = dwarf;
				ENABLE_STRICT_OBJC_MSGSEND = YES;
				ENABLE_TESTABILITY = YES;
				GCC_C_LANGUAGE_STANDARD = gnu11;
				GCC_DYNAMIC_NO_PIC = NO;
				GCC_NO_COMMON_BLOCKS = YES;
				GCC_OPTIMIZATION_LEVEL = 0;
				GCC_PREPROCESSOR_DEFINITIONS = (
					"DEBUG=1",
					"$(inherited)",
				);
				GCC_WARN_64_TO_32_BIT_CONVERSION = YES;
				GCC_WARN_ABOUT_RETURN_TYPE = YES_ERROR;
				GCC_WARN_UNDECLARED_SELECTOR = YES;
				GCC_WARN_UNINITIALIZED_AUTOS = YES_AGGRESSIVE;
				GCC_WARN_UNUSED_FUNCTION = YES;
				GCC_WARN_UNUSED_VARIABLE = YES;
				IPHONEOS_DEPLOYMENT_TARGET = 16.4;
				MTL_ENABLE_DEBUG_INFO = INCLUDE_SOURCE;
				MTL_FAST_MATH = YES;
				ONLY_ACTIVE_ARCH = YES;
				SDKROOT = iphoneos;
				SWIFT_ACTIVE_COMPILATION_CONDITIONS = DEBUG;
				SWIFT_OPTIMIZATION_LEVEL = "-Onone";
			};
			name = Debug;
		};
		0AF62B732B901005007D62B1 /* Release */ = {
			isa = XCBuildConfiguration;
			buildSettings = {
				ALWAYS_SEARCH_USER_PATHS = NO;
				CLANG_ANALYZER_NONNULL = YES;
				CLANG_ANALYZER_NUMBER_OBJECT_CONVERSION = YES_AGGRESSIVE;
				CLANG_CXX_LANGUAGE_STANDARD = "gnu++20";
				CLANG_ENABLE_MODULES = YES;
				CLANG_ENABLE_OBJC_ARC = YES;
				CLANG_ENABLE_OBJC_WEAK = YES;
				CLANG_WARN_BLOCK_CAPTURE_AUTORELEASING = YES;
				CLANG_WARN_BOOL_CONVERSION = YES;
				CLANG_WARN_COMMA = YES;
				CLANG_WARN_CONSTANT_CONVERSION = YES;
				CLANG_WARN_DEPRECATED_OBJC_IMPLEMENTATIONS = YES;
				CLANG_WARN_DIRECT_OBJC_ISA_USAGE = YES_ERROR;
				CLANG_WARN_DOCUMENTATION_COMMENTS = YES;
				CLANG_WARN_EMPTY_BODY = YES;
				CLANG_WARN_ENUM_CONVERSION = YES;
				CLANG_WARN_INFINITE_RECURSION = YES;
				CLANG_WARN_INT_CONVERSION = YES;
				CLANG_WARN_NON_LITERAL_NULL_CONVERSION = YES;
				CLANG_WARN_OBJC_IMPLICIT_RETAIN_SELF = YES;
				CLANG_WARN_OBJC_LITERAL_CONVERSION = YES;
				CLANG_WARN_OBJC_ROOT_CLASS = YES_ERROR;
				CLANG_WARN_QUOTED_INCLUDE_IN_FRAMEWORK_HEADER = YES;
				CLANG_WARN_RANGE_LOOP_ANALYSIS = YES;
				CLANG_WARN_STRICT_PROTOTYPES = YES;
				CLANG_WARN_SUSPICIOUS_MOVE = YES;
				CLANG_WARN_UNGUARDED_AVAILABILITY = YES_AGGRESSIVE;
				CLANG_WARN_UNREACHABLE_CODE = YES;
				CLANG_WARN__DUPLICATE_METHOD_MATCH = YES;
				COPY_PHASE_STRIP = NO;
				DEBUG_INFORMATION_FORMAT = "dwarf-with-dsym";
				ENABLE_NS_ASSERTIONS = NO;
				ENABLE_STRICT_OBJC_MSGSEND = YES;
				GCC_C_LANGUAGE_STANDARD = gnu11;
				GCC_NO_COMMON_BLOCKS = YES;
				GCC_WARN_64_TO_32_BIT_CONVERSION = YES;
				GCC_WARN_ABOUT_RETURN_TYPE = YES_ERROR;
				GCC_WARN_UNDECLARED_SELECTOR = YES;
				GCC_WARN_UNINITIALIZED_AUTOS = YES_AGGRESSIVE;
				GCC_WARN_UNUSED_FUNCTION = YES;
				GCC_WARN_UNUSED_VARIABLE = YES;
				IPHONEOS_DEPLOYMENT_TARGET = 16.4;
				MTL_ENABLE_DEBUG_INFO = NO;
				MTL_FAST_MATH = YES;
				SDKROOT = iphoneos;
				SWIFT_COMPILATION_MODE = wholemodule;
				SWIFT_OPTIMIZATION_LEVEL = "-O";
				VALIDATE_PRODUCT = YES;
			};
			name = Release;
		};
		0AF62B752B901005007D62B1 /* Debug */ = {
			isa = XCBuildConfiguration;
			buildSettings = {
				ASSETCATALOG_COMPILER_APPICON_NAME = AppIcon;
				ASSETCATALOG_COMPILER_GLOBAL_ACCENT_COLOR_NAME = AccentColor;
				CODE_SIGN_STYLE = Automatic;
				CURRENT_PROJECT_VERSION = 1;
				DEVELOPMENT_ASSET_PATHS = "\"Chef Delivery SwiftUI/Preview Content\"";
				ENABLE_PREVIEWS = YES;
				GENERATE_INFOPLIST_FILE = YES;
				INFOPLIST_KEY_UIApplicationSceneManifest_Generation = YES;
				INFOPLIST_KEY_UIApplicationSupportsIndirectInputEvents = YES;
				INFOPLIST_KEY_UILaunchScreen_Generation = YES;
				INFOPLIST_KEY_UISupportedInterfaceOrientations_iPad = "UIInterfaceOrientationPortrait UIInterfaceOrientationPortraitUpsideDown UIInterfaceOrientationLandscapeLeft UIInterfaceOrientationLandscapeRight";
				INFOPLIST_KEY_UISupportedInterfaceOrientations_iPhone = "UIInterfaceOrientationPortrait UIInterfaceOrientationLandscapeLeft UIInterfaceOrientationLandscapeRight";
				LD_RUNPATH_SEARCH_PATHS = (
					"$(inherited)",
					"@executable_path/Frameworks",
				);
				MARKETING_VERSION = 1.0;
				PRODUCT_BUNDLE_IDENTIFIER = "com.learnSwiftUI.Chef-Delivery-SwiftUI";
				PRODUCT_NAME = "$(TARGET_NAME)";
				SWIFT_EMIT_LOC_STRINGS = YES;
				SWIFT_VERSION = 5.0;
				TARGETED_DEVICE_FAMILY = "1,2";
			};
			name = Debug;
		};
		0AF62B762B901005007D62B1 /* Release */ = {
			isa = XCBuildConfiguration;
			buildSettings = {
				ASSETCATALOG_COMPILER_APPICON_NAME = AppIcon;
				ASSETCATALOG_COMPILER_GLOBAL_ACCENT_COLOR_NAME = AccentColor;
				CODE_SIGN_STYLE = Automatic;
				CURRENT_PROJECT_VERSION = 1;
				DEVELOPMENT_ASSET_PATHS = "\"Chef Delivery SwiftUI/Preview Content\"";
				ENABLE_PREVIEWS = YES;
				GENERATE_INFOPLIST_FILE = YES;
				INFOPLIST_KEY_UIApplicationSceneManifest_Generation = YES;
				INFOPLIST_KEY_UIApplicationSupportsIndirectInputEvents = YES;
				INFOPLIST_KEY_UILaunchScreen_Generation = YES;
				INFOPLIST_KEY_UISupportedInterfaceOrientations_iPad = "UIInterfaceOrientationPortrait UIInterfaceOrientationPortraitUpsideDown UIInterfaceOrientationLandscapeLeft UIInterfaceOrientationLandscapeRight";
				INFOPLIST_KEY_UISupportedInterfaceOrientations_iPhone = "UIInterfaceOrientationPortrait UIInterfaceOrientationLandscapeLeft UIInterfaceOrientationLandscapeRight";
				LD_RUNPATH_SEARCH_PATHS = (
					"$(inherited)",
					"@executable_path/Frameworks",
				);
				MARKETING_VERSION = 1.0;
				PRODUCT_BUNDLE_IDENTIFIER = "com.learnSwiftUI.Chef-Delivery-SwiftUI";
				PRODUCT_NAME = "$(TARGET_NAME)";
				SWIFT_EMIT_LOC_STRINGS = YES;
				SWIFT_VERSION = 5.0;
				TARGETED_DEVICE_FAMILY = "1,2";
			};
			name = Release;
		};
/* End XCBuildConfiguration section */

/* Begin XCConfigurationList section */
		0AF62B612B901003007D62B1 /* Build configuration list for PBXProject "Chef Delivery SwiftUI" */ = {
			isa = XCConfigurationList;
			buildConfigurations = (
				0AF62B722B901005007D62B1 /* Debug */,
				0AF62B732B901005007D62B1 /* Release */,
			);
			defaultConfigurationIsVisible = 0;
			defaultConfigurationName = Release;
		};
		0AF62B742B901005007D62B1 /* Build configuration list for PBXNativeTarget "Chef Delivery SwiftUI" */ = {
			isa = XCConfigurationList;
			buildConfigurations = (
				0AF62B752B901005007D62B1 /* Debug */,
				0AF62B762B901005007D62B1 /* Release */,
			);
			defaultConfigurationIsVisible = 0;
			defaultConfigurationName = Release;
		};
/* End XCConfigurationList section */
	};
	rootObject = 0AF62B5E2B901003007D62B1 /* Project object */;
}
